// !$*UTF8*$!
{
	archiveVersion = 1;
	classes = {
	};
	objectVersion = 46;
	objects = {

/* Begin PBXBuildFile section */
		0969B0441AF5339C00779E84 /* test.json in Resources */ = {isa = PBXBuildFile; fileRef = 0969B0431AF5339C00779E84 /* test.json */; };
		0969B0451AF5339C00779E84 /* test.json in Resources */ = {isa = PBXBuildFile; fileRef = 0969B0431AF5339C00779E84 /* test.json */; };
		0969B0461AF5339C00779E84 /* test.json in Resources */ = {isa = PBXBuildFile; fileRef = 0969B0431AF5339C00779E84 /* test.json */; };
		0969B0481AF5432500779E84 /* Config.swift in Sources */ = {isa = PBXBuildFile; fileRef = 0969B0471AF5432500779E84 /* Config.swift */; };
		0969B0491AF5432500779E84 /* Config.swift in Sources */ = {isa = PBXBuildFile; fileRef = 0969B0471AF5432500779E84 /* Config.swift */; };
		096EA0BC1AF3B3F8008A06F4 /* AppDelegate.swift in Sources */ = {isa = PBXBuildFile; fileRef = 096EA0BB1AF3B3F8008A06F4 /* AppDelegate.swift */; };
		096EA0BE1AF3B3F8008A06F4 /* ViewController.swift in Sources */ = {isa = PBXBuildFile; fileRef = 096EA0BD1AF3B3F8008A06F4 /* ViewController.swift */; };
		096EA0C11AF3B3F8008A06F4 /* Main.storyboard in Resources */ = {isa = PBXBuildFile; fileRef = 096EA0BF1AF3B3F8008A06F4 /* Main.storyboard */; };
		096EA0C31AF3B3F8008A06F4 /* Images.xcassets in Resources */ = {isa = PBXBuildFile; fileRef = 096EA0C21AF3B3F8008A06F4 /* Images.xcassets */; };
		096EA0C61AF3B3F8008A06F4 /* LaunchScreen.xib in Resources */ = {isa = PBXBuildFile; fileRef = 096EA0C41AF3B3F8008A06F4 /* LaunchScreen.xib */; };
		096EA0D21AF3B3F8008A06F4 /* TVTests.swift in Sources */ = {isa = PBXBuildFile; fileRef = 096EA0D11AF3B3F8008A06F4 /* TVTests.swift */; };
		096EA0E41AF3B43F008A06F4 /* InterfaceController.swift in Sources */ = {isa = PBXBuildFile; fileRef = 096EA0E31AF3B43F008A06F4 /* InterfaceController.swift */; };
		096EA0E61AF3B43F008A06F4 /* GlanceController.swift in Sources */ = {isa = PBXBuildFile; fileRef = 096EA0E51AF3B43F008A06F4 /* GlanceController.swift */; };
		096EA0E81AF3B43F008A06F4 /* Images.xcassets in Resources */ = {isa = PBXBuildFile; fileRef = 096EA0E71AF3B43F008A06F4 /* Images.xcassets */; };
		096EA0EC1AF3B43F008A06F4 /* TV WatchKit App.app in Resources */ = {isa = PBXBuildFile; fileRef = 096EA0EB1AF3B43F008A06F4 /* TV WatchKit App.app */; };
		096EA0F41AF3B43F008A06F4 /* Interface.storyboard in Resources */ = {isa = PBXBuildFile; fileRef = 096EA0F21AF3B43F008A06F4 /* Interface.storyboard */; };
		096EA0F61AF3B43F008A06F4 /* Images.xcassets in Resources */ = {isa = PBXBuildFile; fileRef = 096EA0F51AF3B43F008A06F4 /* Images.xcassets */; };
		096EA0F91AF3B43F008A06F4 /* TV WatchKit Extension.appex in Embed App Extensions */ = {isa = PBXBuildFile; fileRef = 096EA0DF1AF3B43F008A06F4 /* TV WatchKit Extension.appex */; settings = {ATTRIBUTES = (RemoveHeadersOnCopy, ); }; };
		098C0C9A1AF3C07600DB4D5B /* TVProgram.swift in Sources */ = {isa = PBXBuildFile; fileRef = 098C0C991AF3C07600DB4D5B /* TVProgram.swift */; };
		098C0C9B1AF3C0B000DB4D5B /* TVProgram.swift in Sources */ = {isa = PBXBuildFile; fileRef = 098C0C991AF3C07600DB4D5B /* TVProgram.swift */; };
		098C0C9D1AF3C1A600DB4D5B /* TVProgramRow.swift in Sources */ = {isa = PBXBuildFile; fileRef = 098C0C9C1AF3C1A600DB4D5B /* TVProgramRow.swift */; };
		09EBF3A21AF3D3460048E99B /* JSONParser.swift in Sources */ = {isa = PBXBuildFile; fileRef = 09EBF3A11AF3D3460048E99B /* JSONParser.swift */; };
		09EBF3A31AF3D3460048E99B /* JSONParser.swift in Sources */ = {isa = PBXBuildFile; fileRef = 09EBF3A11AF3D3460048E99B /* JSONParser.swift */; };
		09EBF3AE1AF3D7CC0048E99B /* Duration.swift in Sources */ = {isa = PBXBuildFile; fileRef = 09EBF3A81AF3D7CC0048E99B /* Duration.swift */; };
		09EBF3AF1AF3D7CC0048E99B /* Duration.swift in Sources */ = {isa = PBXBuildFile; fileRef = 09EBF3A81AF3D7CC0048E99B /* Duration.swift */; };
		09EBF3B01AF3D7CC0048E99B /* Int+Timepiece.swift in Sources */ = {isa = PBXBuildFile; fileRef = 09EBF3A91AF3D7CC0048E99B /* Int+Timepiece.swift */; };
		09EBF3B11AF3D7CC0048E99B /* Int+Timepiece.swift in Sources */ = {isa = PBXBuildFile; fileRef = 09EBF3A91AF3D7CC0048E99B /* Int+Timepiece.swift */; };
		09EBF3B21AF3D7CC0048E99B /* NSCalendar+Timepiece.swift in Sources */ = {isa = PBXBuildFile; fileRef = 09EBF3AA1AF3D7CC0048E99B /* NSCalendar+Timepiece.swift */; };
		09EBF3B31AF3D7CC0048E99B /* NSCalendar+Timepiece.swift in Sources */ = {isa = PBXBuildFile; fileRef = 09EBF3AA1AF3D7CC0048E99B /* NSCalendar+Timepiece.swift */; };
		09EBF3B41AF3D7CC0048E99B /* NSDate+Timepiece.swift in Sources */ = {isa = PBXBuildFile; fileRef = 09EBF3AB1AF3D7CC0048E99B /* NSDate+Timepiece.swift */; };
		09EBF3B51AF3D7CC0048E99B /* NSDate+Timepiece.swift in Sources */ = {isa = PBXBuildFile; fileRef = 09EBF3AB1AF3D7CC0048E99B /* NSDate+Timepiece.swift */; };
		09EBF3B61AF3D7CC0048E99B /* NSDateComponents+Timepiece.swift in Sources */ = {isa = PBXBuildFile; fileRef = 09EBF3AC1AF3D7CC0048E99B /* NSDateComponents+Timepiece.swift */; };
		09EBF3B71AF3D7CC0048E99B /* NSDateComponents+Timepiece.swift in Sources */ = {isa = PBXBuildFile; fileRef = 09EBF3AC1AF3D7CC0048E99B /* NSDateComponents+Timepiece.swift */; };
		09EBF3B81AF3D7CC0048E99B /* String+Timepiece.swift in Sources */ = {isa = PBXBuildFile; fileRef = 09EBF3AD1AF3D7CC0048E99B /* String+Timepiece.swift */; };
		09EBF3B91AF3D7CC0048E99B /* String+Timepiece.swift in Sources */ = {isa = PBXBuildFile; fileRef = 09EBF3AD1AF3D7CC0048E99B /* String+Timepiece.swift */; };
/* End PBXBuildFile section */

/* Begin PBXContainerItemProxy section */
		096EA0CC1AF3B3F8008A06F4 /* PBXContainerItemProxy */ = {
			isa = PBXContainerItemProxy;
			containerPortal = 096EA0AE1AF3B3F8008A06F4 /* Project object */;
			proxyType = 1;
			remoteGlobalIDString = 096EA0B51AF3B3F8008A06F4;
			remoteInfo = TV;
		};
		096EA0ED1AF3B43F008A06F4 /* PBXContainerItemProxy */ = {
			isa = PBXContainerItemProxy;
			containerPortal = 096EA0AE1AF3B3F8008A06F4 /* Project object */;
			proxyType = 1;
			remoteGlobalIDString = 096EA0EA1AF3B43F008A06F4;
			remoteInfo = "TV WatchKit App";
		};
		096EA0F71AF3B43F008A06F4 /* PBXContainerItemProxy */ = {
			isa = PBXContainerItemProxy;
			containerPortal = 096EA0AE1AF3B3F8008A06F4 /* Project object */;
			proxyType = 1;
			remoteGlobalIDString = 096EA0DE1AF3B43F008A06F4;
			remoteInfo = "TV WatchKit Extension";
		};
/* End PBXContainerItemProxy section */

/* Begin PBXCopyFilesBuildPhase section */
		096EA1001AF3B43F008A06F4 /* Embed App Extensions */ = {
			isa = PBXCopyFilesBuildPhase;
			buildActionMask = 2147483647;
			dstPath = "";
			dstSubfolderSpec = 13;
			files = (
				096EA0F91AF3B43F008A06F4 /* TV WatchKit Extension.appex in Embed App Extensions */,
			);
			name = "Embed App Extensions";
			runOnlyForDeploymentPostprocessing = 0;
		};
/* End PBXCopyFilesBuildPhase section */

/* Begin PBXFileReference section */
		0969B0431AF5339C00779E84 /* test.json */ = {isa = PBXFileReference; fileEncoding = 4; lastKnownFileType = text.json; path = test.json; sourceTree = "<group>"; };
		0969B0471AF5432500779E84 /* Config.swift */ = {isa = PBXFileReference; fileEncoding = 4; lastKnownFileType = sourcecode.swift; name = Config.swift; path = ../../Config.swift; sourceTree = "<group>"; };
		096EA0B61AF3B3F8008A06F4 /* TV.app */ = {isa = PBXFileReference; explicitFileType = wrapper.application; includeInIndex = 0; path = TV.app; sourceTree = BUILT_PRODUCTS_DIR; };
		096EA0BA1AF3B3F8008A06F4 /* Info.plist */ = {isa = PBXFileReference; lastKnownFileType = text.plist.xml; path = Info.plist; sourceTree = "<group>"; };
		096EA0BB1AF3B3F8008A06F4 /* AppDelegate.swift */ = {isa = PBXFileReference; lastKnownFileType = sourcecode.swift; path = AppDelegate.swift; sourceTree = "<group>"; };
		096EA0BD1AF3B3F8008A06F4 /* ViewController.swift */ = {isa = PBXFileReference; lastKnownFileType = sourcecode.swift; path = ViewController.swift; sourceTree = "<group>"; };
		096EA0C01AF3B3F8008A06F4 /* Base */ = {isa = PBXFileReference; lastKnownFileType = file.storyboard; name = Base; path = Base.lproj/Main.storyboard; sourceTree = "<group>"; };
		096EA0C21AF3B3F8008A06F4 /* Images.xcassets */ = {isa = PBXFileReference; lastKnownFileType = folder.assetcatalog; path = Images.xcassets; sourceTree = "<group>"; };
		096EA0C51AF3B3F8008A06F4 /* Base */ = {isa = PBXFileReference; lastKnownFileType = file.xib; name = Base; path = Base.lproj/LaunchScreen.xib; sourceTree = "<group>"; };
		096EA0CB1AF3B3F8008A06F4 /* TVTests.xctest */ = {isa = PBXFileReference; explicitFileType = wrapper.cfbundle; includeInIndex = 0; path = TVTests.xctest; sourceTree = BUILT_PRODUCTS_DIR; };
		096EA0D01AF3B3F8008A06F4 /* Info.plist */ = {isa = PBXFileReference; lastKnownFileType = text.plist.xml; path = Info.plist; sourceTree = "<group>"; };
		096EA0D11AF3B3F8008A06F4 /* TVTests.swift */ = {isa = PBXFileReference; lastKnownFileType = sourcecode.swift; path = TVTests.swift; sourceTree = "<group>"; };
		096EA0DF1AF3B43F008A06F4 /* TV WatchKit Extension.appex */ = {isa = PBXFileReference; explicitFileType = "wrapper.app-extension"; includeInIndex = 0; path = "TV WatchKit Extension.appex"; sourceTree = BUILT_PRODUCTS_DIR; };
		096EA0E21AF3B43F008A06F4 /* Info.plist */ = {isa = PBXFileReference; lastKnownFileType = text.plist.xml; path = Info.plist; sourceTree = "<group>"; };
		096EA0E31AF3B43F008A06F4 /* InterfaceController.swift */ = {isa = PBXFileReference; lastKnownFileType = sourcecode.swift; path = InterfaceController.swift; sourceTree = "<group>"; };
		096EA0E51AF3B43F008A06F4 /* GlanceController.swift */ = {isa = PBXFileReference; lastKnownFileType = sourcecode.swift; path = GlanceController.swift; sourceTree = "<group>"; };
		096EA0E71AF3B43F008A06F4 /* Images.xcassets */ = {isa = PBXFileReference; lastKnownFileType = folder.assetcatalog; path = Images.xcassets; sourceTree = "<group>"; };
		096EA0EB1AF3B43F008A06F4 /* TV WatchKit App.app */ = {isa = PBXFileReference; explicitFileType = wrapper.application; includeInIndex = 0; path = "TV WatchKit App.app"; sourceTree = BUILT_PRODUCTS_DIR; };
		096EA0F11AF3B43F008A06F4 /* Info.plist */ = {isa = PBXFileReference; lastKnownFileType = text.plist.xml; path = Info.plist; sourceTree = "<group>"; };
		096EA0F31AF3B43F008A06F4 /* Base */ = {isa = PBXFileReference; lastKnownFileType = file.storyboard; name = Base; path = Base.lproj/Interface.storyboard; sourceTree = "<group>"; };
		096EA0F51AF3B43F008A06F4 /* Images.xcassets */ = {isa = PBXFileReference; lastKnownFileType = folder.assetcatalog; path = Images.xcassets; sourceTree = "<group>"; };
		098C0C991AF3C07600DB4D5B /* TVProgram.swift */ = {isa = PBXFileReference; fileEncoding = 4; lastKnownFileType = sourcecode.swift; path = TVProgram.swift; sourceTree = "<group>"; };
		098C0C9C1AF3C1A600DB4D5B /* TVProgramRow.swift */ = {isa = PBXFileReference; fileEncoding = 4; lastKnownFileType = sourcecode.swift; path = TVProgramRow.swift; sourceTree = "<group>"; };
		09B348841AF8EE4B00B973CE /* TV.entitlements */ = {isa = PBXFileReference; lastKnownFileType = text.xml; path = TV.entitlements; sourceTree = "<group>"; };
		09EBF3A11AF3D3460048E99B /* JSONParser.swift */ = {isa = PBXFileReference; fileEncoding = 4; lastKnownFileType = sourcecode.swift; name = JSONParser.swift; path = "TV WatchKit Extension/JSONParser.swift"; sourceTree = SOURCE_ROOT; };
		09EBF3A81AF3D7CC0048E99B /* Duration.swift */ = {isa = PBXFileReference; fileEncoding = 4; lastKnownFileType = sourcecode.swift; path = Duration.swift; sourceTree = "<group>"; };
		09EBF3A91AF3D7CC0048E99B /* Int+Timepiece.swift */ = {isa = PBXFileReference; fileEncoding = 4; lastKnownFileType = sourcecode.swift; path = "Int+Timepiece.swift"; sourceTree = "<group>"; };
		09EBF3AA1AF3D7CC0048E99B /* NSCalendar+Timepiece.swift */ = {isa = PBXFileReference; fileEncoding = 4; lastKnownFileType = sourcecode.swift; path = "NSCalendar+Timepiece.swift"; sourceTree = "<group>"; };
		09EBF3AB1AF3D7CC0048E99B /* NSDate+Timepiece.swift */ = {isa = PBXFileReference; fileEncoding = 4; lastKnownFileType = sourcecode.swift; path = "NSDate+Timepiece.swift"; sourceTree = "<group>"; };
		09EBF3AC1AF3D7CC0048E99B /* NSDateComponents+Timepiece.swift */ = {isa = PBXFileReference; fileEncoding = 4; lastKnownFileType = sourcecode.swift; path = "NSDateComponents+Timepiece.swift"; sourceTree = "<group>"; };
		09EBF3AD1AF3D7CC0048E99B /* String+Timepiece.swift */ = {isa = PBXFileReference; fileEncoding = 4; lastKnownFileType = sourcecode.swift; path = "String+Timepiece.swift"; sourceTree = "<group>"; };
/* End PBXFileReference section */

/* Begin PBXFrameworksBuildPhase section */
		096EA0B31AF3B3F8008A06F4 /* Frameworks */ = {
			isa = PBXFrameworksBuildPhase;
			buildActionMask = 2147483647;
			files = (
			);
			runOnlyForDeploymentPostprocessing = 0;
		};
		096EA0C81AF3B3F8008A06F4 /* Frameworks */ = {
			isa = PBXFrameworksBuildPhase;
			buildActionMask = 2147483647;
			files = (
			);
			runOnlyForDeploymentPostprocessing = 0;
		};
		096EA0DC1AF3B43F008A06F4 /* Frameworks */ = {
			isa = PBXFrameworksBuildPhase;
			buildActionMask = 2147483647;
			files = (
			);
			runOnlyForDeploymentPostprocessing = 0;
		};
/* End PBXFrameworksBuildPhase section */

/* Begin PBXGroup section */
		096EA0AD1AF3B3F8008A06F4 = {
			isa = PBXGroup;
			children = (
				096EA0B81AF3B3F8008A06F4 /* TV */,
				096EA0CE1AF3B3F8008A06F4 /* TVTests */,
				096EA0E01AF3B43F008A06F4 /* TV WatchKit Extension */,
				096EA0EF1AF3B43F008A06F4 /* TV WatchKit App */,
				096EA0B71AF3B3F8008A06F4 /* Products */,
			);
			sourceTree = "<group>";
		};
		096EA0B71AF3B3F8008A06F4 /* Products */ = {
			isa = PBXGroup;
			children = (
				096EA0B61AF3B3F8008A06F4 /* TV.app */,
				096EA0CB1AF3B3F8008A06F4 /* TVTests.xctest */,
				096EA0DF1AF3B43F008A06F4 /* TV WatchKit Extension.appex */,
				096EA0EB1AF3B43F008A06F4 /* TV WatchKit App.app */,
			);
			name = Products;
			sourceTree = "<group>";
		};
		096EA0B81AF3B3F8008A06F4 /* TV */ = {
			isa = PBXGroup;
			children = (
				09B348841AF8EE4B00B973CE /* TV.entitlements */,
				09EBF3A71AF3D7BA0048E99B /* Utils */,
				09EBF3A11AF3D3460048E99B /* JSONParser.swift */,
				096EA0BB1AF3B3F8008A06F4 /* AppDelegate.swift */,
				0969B0471AF5432500779E84 /* Config.swift */,
				098C0C991AF3C07600DB4D5B /* TVProgram.swift */,
				0969B0431AF5339C00779E84 /* test.json */,
				096EA0BD1AF3B3F8008A06F4 /* ViewController.swift */,
				096EA0BF1AF3B3F8008A06F4 /* Main.storyboard */,
				096EA0C21AF3B3F8008A06F4 /* Images.xcassets */,
				096EA0C41AF3B3F8008A06F4 /* LaunchScreen.xib */,
				096EA0B91AF3B3F8008A06F4 /* Supporting Files */,
			);
			path = TV;
			sourceTree = "<group>";
		};
		096EA0B91AF3B3F8008A06F4 /* Supporting Files */ = {
			isa = PBXGroup;
			children = (
				096EA0BA1AF3B3F8008A06F4 /* Info.plist */,
			);
			name = "Supporting Files";
			sourceTree = "<group>";
		};
		096EA0CE1AF3B3F8008A06F4 /* TVTests */ = {
			isa = PBXGroup;
			children = (
				096EA0D11AF3B3F8008A06F4 /* TVTests.swift */,
				096EA0CF1AF3B3F8008A06F4 /* Supporting Files */,
			);
			path = TVTests;
			sourceTree = "<group>";
		};
		096EA0CF1AF3B3F8008A06F4 /* Supporting Files */ = {
			isa = PBXGroup;
			children = (
				096EA0D01AF3B3F8008A06F4 /* Info.plist */,
			);
			name = "Supporting Files";
			sourceTree = "<group>";
		};
		096EA0E01AF3B43F008A06F4 /* TV WatchKit Extension */ = {
			isa = PBXGroup;
			children = (
				098C0C9C1AF3C1A600DB4D5B /* TVProgramRow.swift */,
				096EA0E31AF3B43F008A06F4 /* InterfaceController.swift */,
				096EA0E51AF3B43F008A06F4 /* GlanceController.swift */,
				096EA0E71AF3B43F008A06F4 /* Images.xcassets */,
				096EA0E11AF3B43F008A06F4 /* Supporting Files */,
			);
			path = "TV WatchKit Extension";
			sourceTree = "<group>";
		};
		096EA0E11AF3B43F008A06F4 /* Supporting Files */ = {
			isa = PBXGroup;
			children = (
				096EA0E21AF3B43F008A06F4 /* Info.plist */,
			);
			name = "Supporting Files";
			sourceTree = "<group>";
		};
		096EA0EF1AF3B43F008A06F4 /* TV WatchKit App */ = {
			isa = PBXGroup;
			children = (
				096EA0F21AF3B43F008A06F4 /* Interface.storyboard */,
				096EA0F51AF3B43F008A06F4 /* Images.xcassets */,
				096EA0F01AF3B43F008A06F4 /* Supporting Files */,
			);
			path = "TV WatchKit App";
			sourceTree = "<group>";
		};
		096EA0F01AF3B43F008A06F4 /* Supporting Files */ = {
			isa = PBXGroup;
			children = (
				096EA0F11AF3B43F008A06F4 /* Info.plist */,
			);
			name = "Supporting Files";
			sourceTree = "<group>";
		};
		09EBF3A71AF3D7BA0048E99B /* Utils */ = {
			isa = PBXGroup;
			children = (
				09EBF3A81AF3D7CC0048E99B /* Duration.swift */,
				09EBF3A91AF3D7CC0048E99B /* Int+Timepiece.swift */,
				09EBF3AA1AF3D7CC0048E99B /* NSCalendar+Timepiece.swift */,
				09EBF3AB1AF3D7CC0048E99B /* NSDate+Timepiece.swift */,
				09EBF3AC1AF3D7CC0048E99B /* NSDateComponents+Timepiece.swift */,
				09EBF3AD1AF3D7CC0048E99B /* String+Timepiece.swift */,
			);
			name = Utils;
			sourceTree = "<group>";
		};
/* End PBXGroup section */

/* Begin PBXNativeTarget section */
		096EA0B51AF3B3F8008A06F4 /* TV */ = {
			isa = PBXNativeTarget;
			buildConfigurationList = 096EA0D51AF3B3F8008A06F4 /* Build configuration list for PBXNativeTarget "TV" */;
			buildPhases = (
				096EA0B21AF3B3F8008A06F4 /* Sources */,
				096EA0B31AF3B3F8008A06F4 /* Frameworks */,
				096EA0B41AF3B3F8008A06F4 /* Resources */,
				096EA1001AF3B43F008A06F4 /* Embed App Extensions */,
			);
			buildRules = (
			);
			dependencies = (
				096EA0F81AF3B43F008A06F4 /* PBXTargetDependency */,
			);
			name = TV;
			productName = TV;
			productReference = 096EA0B61AF3B3F8008A06F4 /* TV.app */;
			productType = "com.apple.product-type.application";
		};
		096EA0CA1AF3B3F8008A06F4 /* TVTests */ = {
			isa = PBXNativeTarget;
			buildConfigurationList = 096EA0D81AF3B3F8008A06F4 /* Build configuration list for PBXNativeTarget "TVTests" */;
			buildPhases = (
				096EA0C71AF3B3F8008A06F4 /* Sources */,
				096EA0C81AF3B3F8008A06F4 /* Frameworks */,
				096EA0C91AF3B3F8008A06F4 /* Resources */,
			);
			buildRules = (
			);
			dependencies = (
				096EA0CD1AF3B3F8008A06F4 /* PBXTargetDependency */,
			);
			name = TVTests;
			productName = TVTests;
			productReference = 096EA0CB1AF3B3F8008A06F4 /* TVTests.xctest */;
			productType = "com.apple.product-type.bundle.unit-test";
		};
		096EA0DE1AF3B43F008A06F4 /* TV WatchKit Extension */ = {
			isa = PBXNativeTarget;
			buildConfigurationList = 096EA0FD1AF3B43F008A06F4 /* Build configuration list for PBXNativeTarget "TV WatchKit Extension" */;
			buildPhases = (
				096EA0DB1AF3B43F008A06F4 /* Sources */,
				096EA0DC1AF3B43F008A06F4 /* Frameworks */,
				096EA0DD1AF3B43F008A06F4 /* Resources */,
			);
			buildRules = (
			);
			dependencies = (
				096EA0EE1AF3B43F008A06F4 /* PBXTargetDependency */,
			);
			name = "TV WatchKit Extension";
			productName = "TV WatchKit Extension";
			productReference = 096EA0DF1AF3B43F008A06F4 /* TV WatchKit Extension.appex */;
			productType = "com.apple.product-type.watchkit-extension";
		};
		096EA0EA1AF3B43F008A06F4 /* TV WatchKit App */ = {
			isa = PBXNativeTarget;
			buildConfigurationList = 096EA0FA1AF3B43F008A06F4 /* Build configuration list for PBXNativeTarget "TV WatchKit App" */;
			buildPhases = (
				096EA0E91AF3B43F008A06F4 /* Resources */,
			);
			buildRules = (
			);
			dependencies = (
			);
			name = "TV WatchKit App";
			productName = "TV WatchKit App";
			productReference = 096EA0EB1AF3B43F008A06F4 /* TV WatchKit App.app */;
			productType = "com.apple.product-type.application.watchapp";
		};
/* End PBXNativeTarget section */

/* Begin PBXProject section */
		096EA0AE1AF3B3F8008A06F4 /* Project object */ = {
			isa = PBXProject;
			attributes = {
				LastUpgradeCheck = 0630;
				ORGANIZATIONNAME = Francescu;
				TargetAttributes = {
					096EA0B51AF3B3F8008A06F4 = {
						CreatedOnToolsVersion = 6.3.1;
						DevelopmentTeam = HPW8Z33DD9;
						SystemCapabilities = {
							com.apple.ApplicationGroups.iOS = {
								enabled = 1;
							};
						};
					};
					096EA0CA1AF3B3F8008A06F4 = {
						CreatedOnToolsVersion = 6.3.1;
						TestTargetID = 096EA0B51AF3B3F8008A06F4;
					};
					096EA0DE1AF3B43F008A06F4 = {
						CreatedOnToolsVersion = 6.3.1;
						DevelopmentTeam = HPW8Z33DD9;
					};
					096EA0EA1AF3B43F008A06F4 = {
						CreatedOnToolsVersion = 6.3.1;
						DevelopmentTeam = HPW8Z33DD9;
					};
				};
			};
			buildConfigurationList = 096EA0B11AF3B3F8008A06F4 /* Build configuration list for PBXProject "TV" */;
			compatibilityVersion = "Xcode 3.2";
			developmentRegion = English;
			hasScannedForEncodings = 0;
			knownRegions = (
				en,
				Base,
			);
			mainGroup = 096EA0AD1AF3B3F8008A06F4;
			productRefGroup = 096EA0B71AF3B3F8008A06F4 /* Products */;
			projectDirPath = "";
			projectRoot = "";
			targets = (
				096EA0B51AF3B3F8008A06F4 /* TV */,
				096EA0CA1AF3B3F8008A06F4 /* TVTests */,
				096EA0DE1AF3B43F008A06F4 /* TV WatchKit Extension */,
				096EA0EA1AF3B43F008A06F4 /* TV WatchKit App */,
			);
		};
/* End PBXProject section */

/* Begin PBXResourcesBuildPhase section */
		096EA0B41AF3B3F8008A06F4 /* Resources */ = {
			isa = PBXResourcesBuildPhase;
			buildActionMask = 2147483647;
			files = (
				096EA0C11AF3B3F8008A06F4 /* Main.storyboard in Resources */,
				0969B0441AF5339C00779E84 /* test.json in Resources */,
				096EA0C61AF3B3F8008A06F4 /* LaunchScreen.xib in Resources */,
				096EA0C31AF3B3F8008A06F4 /* Images.xcassets in Resources */,
			);
			runOnlyForDeploymentPostprocessing = 0;
		};
		096EA0C91AF3B3F8008A06F4 /* Resources */ = {
			isa = PBXResourcesBuildPhase;
			buildActionMask = 2147483647;
			files = (
			);
			runOnlyForDeploymentPostprocessing = 0;
		};
		096EA0DD1AF3B43F008A06F4 /* Resources */ = {
			isa = PBXResourcesBuildPhase;
			buildActionMask = 2147483647;
			files = (
				096EA0EC1AF3B43F008A06F4 /* TV WatchKit App.app in Resources */,
				096EA0E81AF3B43F008A06F4 /* Images.xcassets in Resources */,
				0969B0451AF5339C00779E84 /* test.json in Resources */,
			);
			runOnlyForDeploymentPostprocessing = 0;
		};
		096EA0E91AF3B43F008A06F4 /* Resources */ = {
			isa = PBXResourcesBuildPhase;
			buildActionMask = 2147483647;
			files = (
				096EA0F41AF3B43F008A06F4 /* Interface.storyboard in Resources */,
				096EA0F61AF3B43F008A06F4 /* Images.xcassets in Resources */,
				0969B0461AF5339C00779E84 /* test.json in Resources */,
			);
			runOnlyForDeploymentPostprocessing = 0;
		};
/* End PBXResourcesBuildPhase section */

/* Begin PBXSourcesBuildPhase section */
		096EA0B21AF3B3F8008A06F4 /* Sources */ = {
			isa = PBXSourcesBuildPhase;
			buildActionMask = 2147483647;
			files = (
				09EBF3B81AF3D7CC0048E99B /* String+Timepiece.swift in Sources */,
				09EBF3B41AF3D7CC0048E99B /* NSDate+Timepiece.swift in Sources */,
				09EBF3AE1AF3D7CC0048E99B /* Duration.swift in Sources */,
				096EA0BE1AF3B3F8008A06F4 /* ViewController.swift in Sources */,
				0969B0481AF5432500779E84 /* Config.swift in Sources */,
				098C0C9A1AF3C07600DB4D5B /* TVProgram.swift in Sources */,
				09EBF3A21AF3D3460048E99B /* JSONParser.swift in Sources */,
				09EBF3B21AF3D7CC0048E99B /* NSCalendar+Timepiece.swift in Sources */,
				096EA0BC1AF3B3F8008A06F4 /* AppDelegate.swift in Sources */,
				09EBF3B61AF3D7CC0048E99B /* NSDateComponents+Timepiece.swift in Sources */,
				09EBF3B01AF3D7CC0048E99B /* Int+Timepiece.swift in Sources */,
			);
			runOnlyForDeploymentPostprocessing = 0;
		};
		096EA0C71AF3B3F8008A06F4 /* Sources */ = {
			isa = PBXSourcesBuildPhase;
			buildActionMask = 2147483647;
			files = (
				096EA0D21AF3B3F8008A06F4 /* TVTests.swift in Sources */,
			);
			runOnlyForDeploymentPostprocessing = 0;
		};
		096EA0DB1AF3B43F008A06F4 /* Sources */ = {
			isa = PBXSourcesBuildPhase;
			buildActionMask = 2147483647;
			files = (
				09EBF3B31AF3D7CC0048E99B /* NSCalendar+Timepiece.swift in Sources */,
				09EBF3B11AF3D7CC0048E99B /* Int+Timepiece.swift in Sources */,
				09EBF3B51AF3D7CC0048E99B /* NSDate+Timepiece.swift in Sources */,
				096EA0E41AF3B43F008A06F4 /* InterfaceController.swift in Sources */,
				09EBF3A31AF3D3460048E99B /* JSONParser.swift in Sources */,
				0969B0491AF5432500779E84 /* Config.swift in Sources */,
				098C0C9B1AF3C0B000DB4D5B /* TVProgram.swift in Sources */,
				09EBF3B71AF3D7CC0048E99B /* NSDateComponents+Timepiece.swift in Sources */,
				09EBF3AF1AF3D7CC0048E99B /* Duration.swift in Sources */,
				09EBF3B91AF3D7CC0048E99B /* String+Timepiece.swift in Sources */,
				096EA0E61AF3B43F008A06F4 /* GlanceController.swift in Sources */,
				098C0C9D1AF3C1A600DB4D5B /* TVProgramRow.swift in Sources */,
			);
			runOnlyForDeploymentPostprocessing = 0;
		};
/* End PBXSourcesBuildPhase section */

/* Begin PBXTargetDependency section */
		096EA0CD1AF3B3F8008A06F4 /* PBXTargetDependency */ = {
			isa = PBXTargetDependency;
			target = 096EA0B51AF3B3F8008A06F4 /* TV */;
			targetProxy = 096EA0CC1AF3B3F8008A06F4 /* PBXContainerItemProxy */;
		};
		096EA0EE1AF3B43F008A06F4 /* PBXTargetDependency */ = {
			isa = PBXTargetDependency;
			target = 096EA0EA1AF3B43F008A06F4 /* TV WatchKit App */;
			targetProxy = 096EA0ED1AF3B43F008A06F4 /* PBXContainerItemProxy */;
		};
		096EA0F81AF3B43F008A06F4 /* PBXTargetDependency */ = {
			isa = PBXTargetDependency;
			target = 096EA0DE1AF3B43F008A06F4 /* TV WatchKit Extension */;
			targetProxy = 096EA0F71AF3B43F008A06F4 /* PBXContainerItemProxy */;
		};
/* End PBXTargetDependency section */

/* Begin PBXVariantGroup section */
		096EA0BF1AF3B3F8008A06F4 /* Main.storyboard */ = {
			isa = PBXVariantGroup;
			children = (
				096EA0C01AF3B3F8008A06F4 /* Base */,
			);
			name = Main.storyboard;
			sourceTree = "<group>";
		};
		096EA0C41AF3B3F8008A06F4 /* LaunchScreen.xib */ = {
			isa = PBXVariantGroup;
			children = (
				096EA0C51AF3B3F8008A06F4 /* Base */,
			);
			name = LaunchScreen.xib;
			sourceTree = "<group>";
		};
		096EA0F21AF3B43F008A06F4 /* Interface.storyboard */ = {
			isa = PBXVariantGroup;
			children = (
				096EA0F31AF3B43F008A06F4 /* Base */,
			);
			name = Interface.storyboard;
			sourceTree = "<group>";
		};
/* End PBXVariantGroup section */

/* Begin XCBuildConfiguration section */
		096EA0D31AF3B3F8008A06F4 /* Debug */ = {
			isa = XCBuildConfiguration;
			buildSettings = {
				ALWAYS_SEARCH_USER_PATHS = NO;
				CLANG_CXX_LANGUAGE_STANDARD = "gnu++0x";
				CLANG_CXX_LIBRARY = "libc++";
				CLANG_ENABLE_MODULES = YES;
				CLANG_ENABLE_OBJC_ARC = YES;
				CLANG_WARN_BOOL_CONVERSION = YES;
				CLANG_WARN_CONSTANT_CONVERSION = YES;
				CLANG_WARN_DIRECT_OBJC_ISA_USAGE = YES_ERROR;
				CLANG_WARN_EMPTY_BODY = YES;
				CLANG_WARN_ENUM_CONVERSION = YES;
				CLANG_WARN_INT_CONVERSION = YES;
				CLANG_WARN_OBJC_ROOT_CLASS = YES_ERROR;
				CLANG_WARN_UNREACHABLE_CODE = YES;
				CLANG_WARN__DUPLICATE_METHOD_MATCH = YES;
				"CODE_SIGN_IDENTITY[sdk=iphoneos*]" = "iPhone Developer";
				COPY_PHASE_STRIP = NO;
				DEBUG_INFORMATION_FORMAT = "dwarf-with-dsym";
				ENABLE_STRICT_OBJC_MSGSEND = YES;
				GCC_C_LANGUAGE_STANDARD = gnu99;
				GCC_DYNAMIC_NO_PIC = NO;
				GCC_NO_COMMON_BLOCKS = YES;
				GCC_OPTIMIZATION_LEVEL = 0;
				GCC_PREPROCESSOR_DEFINITIONS = (
					"DEBUG=1",
					"$(inherited)",
				);
				GCC_SYMBOLS_PRIVATE_EXTERN = NO;
				GCC_WARN_64_TO_32_BIT_CONVERSION = YES;
				GCC_WARN_ABOUT_RETURN_TYPE = YES_ERROR;
				GCC_WARN_UNDECLARED_SELECTOR = YES;
				GCC_WARN_UNINITIALIZED_AUTOS = YES_AGGRESSIVE;
				GCC_WARN_UNUSED_FUNCTION = YES;
				GCC_WARN_UNUSED_VARIABLE = YES;
				IPHONEOS_DEPLOYMENT_TARGET = 8.3;
				MTL_ENABLE_DEBUG_INFO = YES;
				ONLY_ACTIVE_ARCH = YES;
				SDKROOT = iphoneos;
				SWIFT_OPTIMIZATION_LEVEL = "-Onone";
			};
			name = Debug;
		};
		096EA0D41AF3B3F8008A06F4 /* Release */ = {
			isa = XCBuildConfiguration;
			buildSettings = {
				ALWAYS_SEARCH_USER_PATHS = NO;
				CLANG_CXX_LANGUAGE_STANDARD = "gnu++0x";
				CLANG_CXX_LIBRARY = "libc++";
				CLANG_ENABLE_MODULES = YES;
				CLANG_ENABLE_OBJC_ARC = YES;
				CLANG_WARN_BOOL_CONVERSION = YES;
				CLANG_WARN_CONSTANT_CONVERSION = YES;
				CLANG_WARN_DIRECT_OBJC_ISA_USAGE = YES_ERROR;
				CLANG_WARN_EMPTY_BODY = YES;
				CLANG_WARN_ENUM_CONVERSION = YES;
				CLANG_WARN_INT_CONVERSION = YES;
				CLANG_WARN_OBJC_ROOT_CLASS = YES_ERROR;
				CLANG_WARN_UNREACHABLE_CODE = YES;
				CLANG_WARN__DUPLICATE_METHOD_MATCH = YES;
				"CODE_SIGN_IDENTITY[sdk=*]" = "iPhone Distribution";
				COPY_PHASE_STRIP = NO;
				DEBUG_INFORMATION_FORMAT = "dwarf-with-dsym";
				ENABLE_NS_ASSERTIONS = NO;
				ENABLE_STRICT_OBJC_MSGSEND = YES;
				GCC_C_LANGUAGE_STANDARD = gnu99;
				GCC_NO_COMMON_BLOCKS = YES;
				GCC_WARN_64_TO_32_BIT_CONVERSION = YES;
				GCC_WARN_ABOUT_RETURN_TYPE = YES_ERROR;
				GCC_WARN_UNDECLARED_SELECTOR = YES;
				GCC_WARN_UNINITIALIZED_AUTOS = YES_AGGRESSIVE;
				GCC_WARN_UNUSED_FUNCTION = YES;
				GCC_WARN_UNUSED_VARIABLE = YES;
				IPHONEOS_DEPLOYMENT_TARGET = 8.3;
				MTL_ENABLE_DEBUG_INFO = NO;
				SDKROOT = iphoneos;
				VALIDATE_PRODUCT = YES;
			};
			name = Release;
		};
		096EA0D61AF3B3F8008A06F4 /* Debug */ = {
			isa = XCBuildConfiguration;
			buildSettings = {
				ASSETCATALOG_COMPILER_APPICON_NAME = AppIcon;
				CODE_SIGN_ENTITLEMENTS = TV/TV.entitlements;
				CODE_SIGN_IDENTITY = "iPhone Developer";
				"CODE_SIGN_IDENTITY[sdk=iphoneos*]" = "iPhone Developer";
				FRAMEWORK_SEARCH_PATHS = (
					"$(inherited)",
					"$(PROJECT_DIR)",
				);
				INFOPLIST_FILE = TV/Info.plist;
				LD_RUNPATH_SEARCH_PATHS = "$(inherited) @executable_path/Frameworks";
				PRODUCT_NAME = "$(TARGET_NAME)";
				PROVISIONING_PROFILE = "";
			};
			name = Debug;
		};
		096EA0D71AF3B3F8008A06F4 /* Release */ = {
			isa = XCBuildConfiguration;
			buildSettings = {
				ASSETCATALOG_COMPILER_APPICON_NAME = AppIcon;
				CODE_SIGN_ENTITLEMENTS = TV/TV.entitlements;
				CODE_SIGN_IDENTITY = "iPhone Developer";
				"CODE_SIGN_IDENTITY[sdk=iphoneos*]" = "iPhone Developer";
				FRAMEWORK_SEARCH_PATHS = (
					"$(inherited)",
					"$(PROJECT_DIR)",
				);
				INFOPLIST_FILE = TV/Info.plist;
				LD_RUNPATH_SEARCH_PATHS = "$(inherited) @executable_path/Frameworks";
				PRODUCT_NAME = "$(TARGET_NAME)";
				PROVISIONING_PROFILE = "";
			};
			name = Release;
		};
		096EA0D91AF3B3F8008A06F4 /* Debug */ = {
			isa = XCBuildConfiguration;
			buildSettings = {
				BUNDLE_LOADER = "$(TEST_HOST)";
				FRAMEWORK_SEARCH_PATHS = (
					"$(SDKROOT)/Developer/Library/Frameworks",
					"$(inherited)",
				);
				GCC_PREPROCESSOR_DEFINITIONS = (
					"DEBUG=1",
					"$(inherited)",
				);
				INFOPLIST_FILE = TVTests/Info.plist;
				LD_RUNPATH_SEARCH_PATHS = "$(inherited) @executable_path/Frameworks @loader_path/Frameworks";
				PRODUCT_NAME = "$(TARGET_NAME)";
				TEST_HOST = "$(BUILT_PRODUCTS_DIR)/TV.app/TV";
			};
			name = Debug;
		};
		096EA0DA1AF3B3F8008A06F4 /* Release */ = {
			isa = XCBuildConfiguration;
			buildSettings = {
				BUNDLE_LOADER = "$(TEST_HOST)";
				FRAMEWORK_SEARCH_PATHS = (
					"$(SDKROOT)/Developer/Library/Frameworks",
					"$(inherited)",
				);
				INFOPLIST_FILE = TVTests/Info.plist;
				LD_RUNPATH_SEARCH_PATHS = "$(inherited) @executable_path/Frameworks @loader_path/Frameworks";
				PRODUCT_NAME = "$(TARGET_NAME)";
				TEST_HOST = "$(BUILT_PRODUCTS_DIR)/TV.app/TV";
			};
			name = Release;
		};
		096EA0FB1AF3B43F008A06F4 /* Debug */ = {
			isa = XCBuildConfiguration;
			buildSettings = {
				ASSETCATALOG_COMPILER_APPICON_NAME = AppIcon;
				CODE_SIGN_IDENTITY = "iPhone Developer";
				"CODE_SIGN_IDENTITY[sdk=iphoneos*]" = "iPhone Developer";
				GCC_PREPROCESSOR_DEFINITIONS = (
					"DEBUG=1",
					"$(inherited)",
				);
				IBSC_MODULE = TV_WatchKit_Extension;
				INFOPLIST_FILE = "TV WatchKit App/Info.plist";
				IPHONEOS_DEPLOYMENT_TARGET = 8.2;
				PRODUCT_NAME = "$(TARGET_NAME)";
				PROVISIONING_PROFILE = "";
				SKIP_INSTALL = YES;
				TARGETED_DEVICE_FAMILY = 4;
				"TARGETED_DEVICE_FAMILY[sdk=iphonesimulator*]" = "1,4";
			};
			name = Debug;
		};
		096EA0FC1AF3B43F008A06F4 /* Release */ = {
			isa = XCBuildConfiguration;
			buildSettings = {
				ASSETCATALOG_COMPILER_APPICON_NAME = AppIcon;
				CODE_SIGN_IDENTITY = "iPhone Developer";
				"CODE_SIGN_IDENTITY[sdk=iphoneos*]" = "iPhone Developer";
				IBSC_MODULE = TV_WatchKit_Extension;
				INFOPLIST_FILE = "TV WatchKit App/Info.plist";
				IPHONEOS_DEPLOYMENT_TARGET = 8.2;
				PRODUCT_NAME = "$(TARGET_NAME)";
				PROVISIONING_PROFILE = "";
				SKIP_INSTALL = YES;
				TARGETED_DEVICE_FAMILY = 4;
				"TARGETED_DEVICE_FAMILY[sdk=iphonesimulator*]" = "1,4";
			};
			name = Release;
		};
		096EA0FE1AF3B43F008A06F4 /* Debug */ = {
			isa = XCBuildConfiguration;
			buildSettings = {
				CODE_SIGN_IDENTITY = "iPhone Developer";
				FRAMEWORK_SEARCH_PATHS = (
					"$(inherited)",
					"$(PROJECT_DIR)",
				);
				GCC_PREPROCESSOR_DEFINITIONS = (
					"DEBUG=1",
					"$(inherited)",
				);
				INFOPLIST_FILE = "TV WatchKit Extension/Info.plist";
				LD_RUNPATH_SEARCH_PATHS = "$(inherited) @executable_path/Frameworks @executable_path/../../Frameworks";
				PRODUCT_NAME = "${TARGET_NAME}";
				SKIP_INSTALL = YES;
			};
			name = Debug;
		};
		096EA0FF1AF3B43F008A06F4 /* Release */ = {
			isa = XCBuildConfiguration;
			buildSettings = {
				CODE_SIGN_IDENTITY = "iPhone Developer";
				FRAMEWORK_SEARCH_PATHS = (
					"$(inherited)",
					"$(PROJECT_DIR)",
				);
				INFOPLIST_FILE = "TV WatchKit Extension/Info.plist";
				LD_RUNPATH_SEARCH_PATHS = "$(inherited) @executable_path/Frameworks @executable_path/../../Frameworks";
				PRODUCT_NAME = "${TARGET_NAME}";
				SKIP_INSTALL = YES;
			};
			name = Release;
		};
/* End XCBuildConfiguration section */

/* Begin XCConfigurationList section */
		096EA0B11AF3B3F8008A06F4 /* Build configuration list for PBXProject "TV" */ = {
			isa = XCConfigurationList;
			buildConfigurations = (
				096EA0D31AF3B3F8008A06F4 /* Debug */,
				096EA0D41AF3B3F8008A06F4 /* Release */,
			);
			defaultConfigurationIsVisible = 0;
			defaultConfigurationName = Release;
		};
		096EA0D51AF3B3F8008A06F4 /* Build configuration list for PBXNativeTarget "TV" */ = {
			isa = XCConfigurationList;
			buildConfigurations = (
				096EA0D61AF3B3F8008A06F4 /* Debug */,
				096EA0D71AF3B3F8008A06F4 /* Release */,
			);
			defaultConfigurationIsVisible = 0;
			defaultConfigurationName = Release;
		};
		096EA0D81AF3B3F8008A06F4 /* Build configuration list for PBXNativeTarget "TVTests" */ = {
			isa = XCConfigurationList;
			buildConfigurations = (
				096EA0D91AF3B3F8008A06F4 /* Debug */,
				096EA0DA1AF3B3F8008A06F4 /* Release */,
			);
			defaultConfigurationIsVisible = 0;
			defaultConfigurationName = Release;
		};
		096EA0FA1AF3B43F008A06F4 /* Build configuration list for PBXNativeTarget "TV WatchKit App" */ = {
			isa = XCConfigurationList;
			buildConfigurations = (
				096EA0FB1AF3B43F008A06F4 /* Debug */,
				096EA0FC1AF3B43F008A06F4 /* Release */,
			);
			defaultConfigurationIsVisible = 0;
			defaultConfigurationName = Release;
		};
		096EA0FD1AF3B43F008A06F4 /* Build configuration list for PBXNativeTarget "TV WatchKit Extension" */ = {
			isa = XCConfigurationList;
			buildConfigurations = (
				096EA0FE1AF3B43F008A06F4 /* Debug */,
				096EA0FF1AF3B43F008A06F4 /* Release */,
			);
			defaultConfigurationIsVisible = 0;
			defaultConfigurationName = Release;
		};
/* End XCConfigurationList section */
	};
	rootObject = 096EA0AE1AF3B3F8008A06F4 /* Project object */;
}
